# This file is machine-generated by `gh actions-lock`.
# Do not edit by hand; run `gh actions-lock` to update.
# Docs: https://gh.io/actions-lockfile
version: 'v0.0.2'
workflows:
    '.github/workflows/governance.yml': []
    '.github/workflows/hypatia-scan.yml': []
    '.github/workflows/secret-scanner.yml': []
    '.github/workflows/codeql.yml':
        - 'actions/checkout@v7.0.1'
        - 'github/codeql-action@v4.37.7'
    '.github/workflows/push-email-notify.yml':
        - 'dawidd6/action-send-mail@v3.12.0'
dependencies:
    'actions/checkout@v7.0.1':
        ref: 'v7.0.1'
        commit: 'sha1-3d3c42e5aac5ba805825da76410c181273ba90b1'
        owner_id: 44036562
        repo_id: 197814629
    'dawidd6/action-send-mail@v3.12.0':
        ref: 'v3.12.0'
        commit: 'sha1-0bbdab096651ee93f37ec02383e088183d41ff0b'
        owner_id: 9713907
        repo_id: 222439721
    'github/codeql-action@v4.37.7':
        ref: 'v4.37.7'
        commit: 'sha1-ff2f1c621b7f889edc0d3c761ac2e6a3f8cdb0dd'
        owner_id: 9919
        repo_id: 259445878
